{
  "name": "chess_to_midi",
  "version": "1.0.0",
  "lockfileVersion": 1,
  "requires": true,
  "dependencies": {
    "midi-writer-js": {
      "version": "2.0.1",
      "resolved": "https://registry.npmjs.org/midi-writer-js/-/midi-writer-js-2.0.1.tgz",
      "integrity": "sha512-wVoE/o5Lyw2VQaUdnJQtqVhpEy9DlhlYQ/OkSCtJEhwodKXIXk/wfYQmjrVkW3abdZJqafnvPfSM50SvmSbltw==",
      "requires": {
        "tonal-midi": "^0.69.7"
      }
    },
    "note-parser": {
      "version": "2.0.1",
      "resolved": "https://registry.npmjs.org/note-parser/-/note-parser-2.0.1.tgz",
      "integrity": "sha1-JDj9V6RolLQCs6IHF5hmASnI+8E="
    },
    "tonal-midi": {
      "version": "0.69.7",
      "resolved": "https://registry.npmjs.org/tonal-midi/-/tonal-midi-0.69.7.tgz",
      "integrity": "sha1-51Tsk/Pb2yim051CRXwzrSRf+kc=",
      "requires": {
        "note-parser": "^2.0.1"
      }
    },
    "vexflow": {
      "version": "3.0.9",
      "resolved": "https://registry.npmjs.org/vexflow/-/vexflow-3.0.9.tgz",
      "integrity": "sha512-JzDUC3SZvyRxvALv0UrlgCJSH7WzNSShNjXK0rTWqDJscCcytrTWLT3LYtsDvby8qbszdaD708xOe9D79FLTFA=="
    }
  }
}
